
Microsoft Visual Studio Solution File, Format Version 12.00
# Visual Studio Version 17
VisualStudioVersion = 17.7.34018.315
MinimumVisualStudioVersion = 10.0.40219.1
Project("{9A19103F-16F7-4668-BE54-9A1E7A4F7556}") = "Domain", "Domain\Domain\Domain.csproj", "{B14794A4-183F-427E-9E52-9CE957267B5C}"
EndProject
Project("{9A19103F-16F7-4668-BE54-9A1E7A4F7556}") = "Application", "Application\Application\Application.csproj", "{DDEEE050-0CC0-4CE2-8F7E-1F4AF5AD328D}"
EndProject
Project("{9A19103F-16F7-4668-BE54-9A1E7A4F7556}") = "Persistence", "Persistence\Persistence\Persistence.csproj", "{C251FBCC-B705-4F68-9BFC-FF1FFB1908CD}"
EndProject
Project("{9A19103F-16F7-4668-BE54-9A1E7A4F7556}") = "API", "API\API\API.csproj", "{0CCD452B-6287-466F-936B-0B5DDE20E1B9}"
EndProject
Project("{FAE04EC0-301F-11D3-BF4B-00C04F79EFBC}") = "Infrastructurs", "Infrastructurs\Infrastructurs.csproj", "{09E1EBB9-B3E0-48D7-A586-90EACBE3E1A8}"
EndProject
Global
	GlobalSection(SolutionConfigurationPlatforms) = preSolution
		Debug|Any CPU = Debug|Any CPU
		Release|Any CPU = Release|Any CPU
	EndGlobalSection
	GlobalSection(ProjectConfigurationPlatforms) = postSolution
		{B14794A4-183F-427E-9E52-9CE957267B5C}.Debug|Any CPU.ActiveCfg = Debug|Any CPU
		{B14794A4-183F-427E-9E52-9CE957267B5C}.Debug|Any CPU.Build.0 = Debug|Any CPU
		{B14794A4-183F-427E-9E52-9CE957267B5C}.Release|Any CPU.ActiveCfg = Release|Any CPU
		{B14794A4-183F-427E-9E52-9CE957267B5C}.Release|Any CPU.Build.0 = Release|Any CPU
		{DDEEE050-0CC0-4CE2-8F7E-1F4AF5AD328D}.Debug|Any CPU.ActiveCfg = Debug|Any CPU
		{DDEEE050-0CC0-4CE2-8F7E-1F4AF5AD328D}.Debug|Any CPU.Build.0 = Debug|Any CPU
		{DDEEE050-0CC0-4CE2-8F7E-1F4AF5AD328D}.Release|Any CPU.ActiveCfg = Release|Any CPU
		{DDEEE050-0CC0-4CE2-8F7E-1F4AF5AD328D}.Release|Any CPU.Build.0 = Release|Any CPU
		{C251FBCC-B705-4F68-9BFC-FF1FFB1908CD}.Debug|Any CPU.ActiveCfg = Debug|Any CPU
		{C251FBCC-B705-4F68-9BFC-FF1FFB1908CD}.Debug|Any CPU.Build.0 = Debug|Any CPU
		{C251FBCC-B705-4F68-9BFC-FF1FFB1908CD}.Release|Any CPU.ActiveCfg = Release|Any CPU
		{C251FBCC-B705-4F68-9BFC-FF1FFB1908CD}.Release|Any CPU.Build.0 = Release|Any CPU
		{0CCD452B-6287-466F-936B-0B5DDE20E1B9}.Debug|Any CPU.ActiveCfg = Debug|Any CPU
		{0CCD452B-6287-466F-936B-0B5DDE20E1B9}.Debug|Any CPU.Build.0 = Debug|Any CPU
		{0CCD452B-6287-466F-936B-0B5DDE20E1B9}.Release|Any CPU.ActiveCfg = Release|Any CPU
		{0CCD452B-6287-466F-936B-0B5DDE20E1B9}.Release|Any CPU.Build.0 = Release|Any CPU
		{09E1EBB9-B3E0-48D7-A586-90EACBE3E1A8}.Debug|Any CPU.ActiveCfg = Debug|Any CPU
		{09E1EBB9-B3E0-48D7-A586-90EACBE3E1A8}.Debug|Any CPU.Build.0 = Debug|Any CPU
		{09E1EBB9-B3E0-48D7-A586-90EACBE3E1A8}.Release|Any CPU.ActiveCfg = Release|Any CPU
		{09E1EBB9-B3E0-48D7-A586-90EACBE3E1A8}.Release|Any CPU.Build.0 = Release|Any CPU
	EndGlobalSection
	GlobalSection(SolutionProperties) = preSolution
		HideSolutionNode = FALSE
	EndGlobalSection
	GlobalSection(ExtensibilityGlobals) = postSolution
		SolutionGuid = {937FE37F-CBCF-43DE-8BD7-13D3FD12A448}
	EndGlobalSection
EndGlobal
